
Microsoft Visual Studio Solution File, Format Version 12.00
# Visual Studio Version 16
VisualStudioVersion = 16.0.30907.101
MinimumVisualStudioVersion = 10.0.40219.1
Project("{9A19103F-16F7-4668-BE54-9A1E7A4F7556}") = "Kampintro", "Kampintro\Kampintro.csproj", "{AE50DB32-CC76-44BB-B969-0DCB45E7F737}"
EndProject
Project("{9A19103F-16F7-4668-BE54-9A1E7A4F7556}") = "Donguler", "Donguler\Donguler.csproj", "{8C4AECD0-A019-454E-B035-14AE4FA4B2F3}"
EndProject
Project("{9A19103F-16F7-4668-BE54-9A1E7A4F7556}") = "ClassIntro", "ClassIntro\ClassIntro.csproj", "{996E088E-F128-4B07-A584-EC399ADE16CB}"
EndProject
Project("{9A19103F-16F7-4668-BE54-9A1E7A4F7556}") = "Metotlar", "Kampintro\Metotlar\Metotlar.csproj", "{33459F95-2A43-42F9-A8FC-9CBF45F7CAE4}"
EndProject
Project("{9A19103F-16F7-4668-BE54-9A1E7A4F7556}") = "Matematik", "Matematik\Matematik.csproj", "{90B32686-9DF2-4903-B60A-F9157E63FE53}"
EndProject
Project("{9A19103F-16F7-4668-BE54-9A1E7A4F7556}") = "DegerVeReferansTipler", "DegerVeReferansTipler\DegerVeReferansTipler.csproj", "{12FFD414-0AF2-4CBD-AF2D-484279E42A70}"
EndProject
Project("{9A19103F-16F7-4668-BE54-9A1E7A4F7556}") = "OOP1", "OOP1\OOP1.csproj", "{957F18D8-A2A1-45F1-A0AA-9AE3CC446AB1}"
EndProject
Project("{9A19103F-16F7-4668-BE54-9A1E7A4F7556}") = "Koleksiyonlar", "Koleksiyonlar\Koleksiyonlar.csproj", "{00C82A38-E864-49B7-94A0-33EC59D072F9}"
EndProject
Project("{9A19103F-16F7-4668-BE54-9A1E7A4F7556}") = "GenericsIntro", "GenericsIntro\GenericsIntro.csproj", "{217D94FF-BA4F-485A-9334-E88255F8F2B9}"
EndProject
Project("{9A19103F-16F7-4668-BE54-9A1E7A4F7556}") = "OOP2", "OOP2\OOP2.csproj", "{70210BC8-F29E-4AA0-9F0A-E0925A043509}"
EndProject
Project("{9A19103F-16F7-4668-BE54-9A1E7A4F7556}") = "OOP3", "OOP3\OOP3.csproj", "{B1418FBC-29BA-4949-94C2-88176A5762F5}"
EndProject
Global
	GlobalSection(SolutionConfigurationPlatforms) = preSolution
		Debug|Any CPU = Debug|Any CPU
		Release|Any CPU = Release|Any CPU
	EndGlobalSection
	GlobalSection(ProjectConfigurationPlatforms) = postSolution
		{AE50DB32-CC76-44BB-B969-0DCB45E7F737}.Debug|Any CPU.ActiveCfg = Debug|Any CPU
		{AE50DB32-CC76-44BB-B969-0DCB45E7F737}.Debug|Any CPU.Build.0 = Debug|Any CPU
		{AE50DB32-CC76-44BB-B969-0DCB45E7F737}.Release|Any CPU.ActiveCfg = Release|Any CPU
		{AE50DB32-CC76-44BB-B969-0DCB45E7F737}.Release|Any CPU.Build.0 = Release|Any CPU
		{8C4AECD0-A019-454E-B035-14AE4FA4B2F3}.Debug|Any CPU.ActiveCfg = Debug|Any CPU
		{8C4AECD0-A019-454E-B035-14AE4FA4B2F3}.Debug|Any CPU.Build.0 = Debug|Any CPU
		{8C4AECD0-A019-454E-B035-14AE4FA4B2F3}.Release|Any CPU.ActiveCfg = Release|Any CPU
		{8C4AECD0-A019-454E-B035-14AE4FA4B2F3}.Release|Any CPU.Build.0 = Release|Any CPU
		{996E088E-F128-4B07-A584-EC399ADE16CB}.Debug|Any CPU.ActiveCfg = Debug|Any CPU
		{996E088E-F128-4B07-A584-EC399ADE16CB}.Debug|Any CPU.Build.0 = Debug|Any CPU
		{996E088E-F128-4B07-A584-EC399ADE16CB}.Release|Any CPU.ActiveCfg = Release|Any CPU
		{996E088E-F128-4B07-A584-EC399ADE16CB}.Release|Any CPU.Build.0 = Release|Any CPU
		{33459F95-2A43-42F9-A8FC-9CBF45F7CAE4}.Debug|Any CPU.ActiveCfg = Debug|Any CPU
		{33459F95-2A43-42F9-A8FC-9CBF45F7CAE4}.Debug|Any CPU.Build.0 = Debug|Any CPU
		{33459F95-2A43-42F9-A8FC-9CBF45F7CAE4}.Release|Any CPU.ActiveCfg = Release|Any CPU
		{33459F95-2A43-42F9-A8FC-9CBF45F7CAE4}.Release|Any CPU.Build.0 = Release|Any CPU
		{90B32686-9DF2-4903-B60A-F9157E63FE53}.Debug|Any CPU.ActiveCfg = Debug|Any CPU
		{90B32686-9DF2-4903-B60A-F9157E63FE53}.Debug|Any CPU.Build.0 = Debug|Any CPU
		{90B32686-9DF2-4903-B60A-F9157E63FE53}.Release|Any CPU.ActiveCfg = Release|Any CPU
		{90B32686-9DF2-4903-B60A-F9157E63FE53}.Release|Any CPU.Build.0 = Release|Any CPU
		{12FFD414-0AF2-4CBD-AF2D-484279E42A70}.Debug|Any CPU.ActiveCfg = Debug|Any CPU
		{12FFD414-0AF2-4CBD-AF2D-484279E42A70}.Debug|Any CPU.Build.0 = Debug|Any CPU
		{12FFD414-0AF2-4CBD-AF2D-484279E42A70}.Release|Any CPU.ActiveCfg = Release|Any CPU
		{12FFD414-0AF2-4CBD-AF2D-484279E42A70}.Release|Any CPU.Build.0 = Release|Any CPU
		{957F18D8-A2A1-45F1-A0AA-9AE3CC446AB1}.Debug|Any CPU.ActiveCfg = Debug|Any CPU
		{957F18D8-A2A1-45F1-A0AA-9AE3CC446AB1}.Debug|Any CPU.Build.0 = Debug|Any CPU
		{957F18D8-A2A1-45F1-A0AA-9AE3CC446AB1}.Release|Any CPU.ActiveCfg = Release|Any CPU
		{957F18D8-A2A1-45F1-A0AA-9AE3CC446AB1}.Release|Any CPU.Build.0 = Release|Any CPU
		{00C82A38-E864-49B7-94A0-33EC59D072F9}.Debug|Any CPU.ActiveCfg = Debug|Any CPU
		{00C82A38-E864-49B7-94A0-33EC59D072F9}.Debug|Any CPU.Build.0 = Debug|Any CPU
		{00C82A38-E864-49B7-94A0-33EC59D072F9}.Release|Any CPU.ActiveCfg = Release|Any CPU
		{00C82A38-E864-49B7-94A0-33EC59D072F9}.Release|Any CPU.Build.0 = Release|Any CPU
		{217D94FF-BA4F-485A-9334-E88255F8F2B9}.Debug|Any CPU.ActiveCfg = Debug|Any CPU
		{217D94FF-BA4F-485A-9334-E88255F8F2B9}.Debug|Any CPU.Build.0 = Debug|Any CPU
		{217D94FF-BA4F-485A-9334-E88255F8F2B9}.Release|Any CPU.ActiveCfg = Release|Any CPU
		{217D94FF-BA4F-485A-9334-E88255F8F2B9}.Release|Any CPU.Build.0 = Release|Any CPU
		{70210BC8-F29E-4AA0-9F0A-E0925A043509}.Debug|Any CPU.ActiveCfg = Debug|Any CPU
		{70210BC8-F29E-4AA0-9F0A-E0925A043509}.Debug|Any CPU.Build.0 = Debug|Any CPU
		{70210BC8-F29E-4AA0-9F0A-E0925A043509}.Release|Any CPU.ActiveCfg = Release|Any CPU
		{70210BC8-F29E-4AA0-9F0A-E0925A043509}.Release|Any CPU.Build.0 = Release|Any CPU
		{B1418FBC-29BA-4949-94C2-88176A5762F5}.Debug|Any CPU.ActiveCfg = Debug|Any CPU
		{B1418FBC-29BA-4949-94C2-88176A5762F5}.Debug|Any CPU.Build.0 = Debug|Any CPU
		{B1418FBC-29BA-4949-94C2-88176A5762F5}.Release|Any CPU.ActiveCfg = Release|Any CPU
		{B1418FBC-29BA-4949-94C2-88176A5762F5}.Release|Any CPU.Build.0 = Release|Any CPU
	EndGlobalSection
	GlobalSection(SolutionProperties) = preSolution
		HideSolutionNode = FALSE
	EndGlobalSection
	GlobalSection(ExtensibilityGlobals) = postSolution
		SolutionGuid = {22F60207-E97A-49DB-86E7-11C59583A060}
	EndGlobalSection
EndGlobal
